
Microsoft Visual Studio Solution File, Format Version 12.00
# Visual Studio 2012
Project("{FAE04EC0-301F-11D3-BF4B-00C04F79EFBC}") = "SistemaBibliotecario", "SistemaBibliotecario\SistemaBibliotecario.csproj", "{DAF68672-B1D0-4CB6-AF53-828C97EF1774}"
EndProject
Global
	GlobalSection(SolutionConfigurationPlatforms) = preSolution
		Debug|Any CPU = Debug|Any CPU
		Release|Any CPU = Release|Any CPU
	EndGlobalSection
	GlobalSection(ProjectConfigurationPlatforms) = postSolution
		{DAF68672-B1D0-4CB6-AF53-828C97EF1774}.Debug|Any CPU.ActiveCfg = Debug|Any CPU
		{DAF68672-B1D0-4CB6-AF53-828C97EF1774}.Debug|Any CPU.Build.0 = Debug|Any CPU
		{DAF68672-B1D0-4CB6-AF53-828C97EF1774}.Release|Any CPU.ActiveCfg = Release|Any CPU
		{DAF68672-B1D0-4CB6-AF53-828C97EF1774}.Release|Any CPU.Build.0 = Release|Any CPU
	EndGlobalSection
	GlobalSection(SolutionProperties) = preSolution
		HideSolutionNode = FALSE
	EndGlobalSection
EndGlobal
